
Microsoft Visual Studio Solution File, Format Version 12.00
# Visual Studio Version 16
VisualStudioVersion = 16.0.29318.209
MinimumVisualStudioVersion = 10.0.40219.1
Project("{FAE04EC0-301F-11D3-BF4B-00C04F79EFBC}") = "TrashCollector2", "TrashCollector2\TrashCollector2.csproj", "{93D3C4ED-56F9-4C38-94D2-BF6A4B4D22FA}"
EndProject
Global
	GlobalSection(SolutionConfigurationPlatforms) = preSolution
		Debug|Any CPU = Debug|Any CPU
		Release|Any CPU = Release|Any CPU
	EndGlobalSection
	GlobalSection(ProjectConfigurationPlatforms) = postSolution
		{93D3C4ED-56F9-4C38-94D2-BF6A4B4D22FA}.Debug|Any CPU.ActiveCfg = Debug|Any CPU
		{93D3C4ED-56F9-4C38-94D2-BF6A4B4D22FA}.Debug|Any CPU.Build.0 = Debug|Any CPU
		{93D3C4ED-56F9-4C38-94D2-BF6A4B4D22FA}.Release|Any CPU.ActiveCfg = Release|Any CPU
		{93D3C4ED-56F9-4C38-94D2-BF6A4B4D22FA}.Release|Any CPU.Build.0 = Release|Any CPU
	EndGlobalSection
	GlobalSection(SolutionProperties) = preSolution
		HideSolutionNode = FALSE
	EndGlobalSection
	GlobalSection(ExtensibilityGlobals) = postSolution
		SolutionGuid = {20C1F36F-1DBC-44B0-B1AA-3DE295236508}
	EndGlobalSection
EndGlobal
